
Microsoft Visual Studio Solution File, Format Version 12.00
# Visual Studio Version 16
VisualStudioVersion = 16.0.31025.194
MinimumVisualStudioVersion = 10.0.40219.1
Project("{9A19103F-16F7-4668-BE54-9A1E7A4F7556}") = "TradesManagement.API", "TradesManagement\TradesManagement.API.csproj", "{D879F7BF-A041-41B2-9508-8F4C89753022}"
EndProject
Project("{9A19103F-16F7-4668-BE54-9A1E7A4F7556}") = "TradesManagement.ApplicationService", "TradesManagement.ApplicationService\TradesManagement.ApplicationService.csproj", "{320105EE-D5D9-4DEE-8DAD-6B6F94E0C492}"
EndProject
Project("{9A19103F-16F7-4668-BE54-9A1E7A4F7556}") = "TradesManagement.Data", "TradesManagement.Data\TradesManagement.Data.csproj", "{39A3478B-5016-4F59-A97B-6077617D9FB1}"
EndProject
Project("{9A19103F-16F7-4668-BE54-9A1E7A4F7556}") = "TradesManagement.Domain", "TradesManagement.Domain\TradesManagement.Domain.csproj", "{C61D26C5-7907-45A4-A575-0E816E567581}"
EndProject
Project("{9A19103F-16F7-4668-BE54-9A1E7A4F7556}") = "TradesManagement.Tests", "TradesManagement.Tests\TradesManagement.Tests.csproj", "{28EAD72E-ACC3-4360-A1FF-89D1CB22DFC8}"
EndProject
Global
	GlobalSection(SolutionConfigurationPlatforms) = preSolution
		Debug|Any CPU = Debug|Any CPU
		Release|Any CPU = Release|Any CPU
	EndGlobalSection
	GlobalSection(ProjectConfigurationPlatforms) = postSolution
		{D879F7BF-A041-41B2-9508-8F4C89753022}.Debug|Any CPU.ActiveCfg = Debug|Any CPU
		{D879F7BF-A041-41B2-9508-8F4C89753022}.Debug|Any CPU.Build.0 = Debug|Any CPU
		{D879F7BF-A041-41B2-9508-8F4C89753022}.Release|Any CPU.ActiveCfg = Release|Any CPU
		{D879F7BF-A041-41B2-9508-8F4C89753022}.Release|Any CPU.Build.0 = Release|Any CPU
		{320105EE-D5D9-4DEE-8DAD-6B6F94E0C492}.Debug|Any CPU.ActiveCfg = Debug|Any CPU
		{320105EE-D5D9-4DEE-8DAD-6B6F94E0C492}.Debug|Any CPU.Build.0 = Debug|Any CPU
		{320105EE-D5D9-4DEE-8DAD-6B6F94E0C492}.Release|Any CPU.ActiveCfg = Release|Any CPU
		{320105EE-D5D9-4DEE-8DAD-6B6F94E0C492}.Release|Any CPU.Build.0 = Release|Any CPU
		{39A3478B-5016-4F59-A97B-6077617D9FB1}.Debug|Any CPU.ActiveCfg = Debug|Any CPU
		{39A3478B-5016-4F59-A97B-6077617D9FB1}.Debug|Any CPU.Build.0 = Debug|Any CPU
		{39A3478B-5016-4F59-A97B-6077617D9FB1}.Release|Any CPU.ActiveCfg = Release|Any CPU
		{39A3478B-5016-4F59-A97B-6077617D9FB1}.Release|Any CPU.Build.0 = Release|Any CPU
		{C61D26C5-7907-45A4-A575-0E816E567581}.Debug|Any CPU.ActiveCfg = Debug|Any CPU
		{C61D26C5-7907-45A4-A575-0E816E567581}.Debug|Any CPU.Build.0 = Debug|Any CPU
		{C61D26C5-7907-45A4-A575-0E816E567581}.Release|Any CPU.ActiveCfg = Release|Any CPU
		{C61D26C5-7907-45A4-A575-0E816E567581}.Release|Any CPU.Build.0 = Release|Any CPU
		{28EAD72E-ACC3-4360-A1FF-89D1CB22DFC8}.Debug|Any CPU.ActiveCfg = Debug|Any CPU
		{28EAD72E-ACC3-4360-A1FF-89D1CB22DFC8}.Debug|Any CPU.Build.0 = Debug|Any CPU
		{28EAD72E-ACC3-4360-A1FF-89D1CB22DFC8}.Release|Any CPU.ActiveCfg = Release|Any CPU
		{28EAD72E-ACC3-4360-A1FF-89D1CB22DFC8}.Release|Any CPU.Build.0 = Release|Any CPU
	EndGlobalSection
	GlobalSection(SolutionProperties) = preSolution
		HideSolutionNode = FALSE
	EndGlobalSection
	GlobalSection(ExtensibilityGlobals) = postSolution
		SolutionGuid = {A31006FD-F86B-472A-BBF1-3E6A03BFD318}
	EndGlobalSection
EndGlobal
